// !$*UTF8*$!
{
	archiveVersion = 1;
	classes = {
	};
	objectVersion = 56;
	objects = {

/* Begin PBXBuildFile section */
		BF1A7BD62BD422F900F35741 /* NoteCell.swift in Sources */ = {isa = PBXBuildFile; fileRef = BF1A7BD52BD422F900F35741 /* NoteCell.swift */; };
		BF1A7BD92BD4333800F35741 /* DateFormatterExtension.swift in Sources */ = {isa = PBXBuildFile; fileRef = BF1A7BD82BD4333800F35741 /* DateFormatterExtension.swift */; };
		BF1A7BDB2BD4353900F35741 /* DateExtension.swift in Sources */ = {isa = PBXBuildFile; fileRef = BF1A7BDA2BD4353900F35741 /* DateExtension.swift */; };
		BF1A7BDD2BD4379100F35741 /* ViewExtension.swift in Sources */ = {isa = PBXBuildFile; fileRef = BF1A7BDC2BD4379100F35741 /* ViewExtension.swift */; };
		BF1A7BDF2BD438CF00F35741 /* CGColorExtension.swift in Sources */ = {isa = PBXBuildFile; fileRef = BF1A7BDE2BD438CF00F35741 /* CGColorExtension.swift */; };
		BF363E262BD41330007A4658 /* AddNoteViewController.swift in Sources */ = {isa = PBXBuildFile; fileRef = BF363E252BD41330007A4658 /* AddNoteViewController.swift */; };
		BF6AA9562BD34F9100661067 /* AppDelegate.swift in Sources */ = {isa = PBXBuildFile; fileRef = BF6AA9552BD34F9100661067 /* AppDelegate.swift */; };
		BF6AA9582BD34F9100661067 /* SceneDelegate.swift in Sources */ = {isa = PBXBuildFile; fileRef = BF6AA9572BD34F9100661067 /* SceneDelegate.swift */; };
		BF6AA95A2BD34F9100661067 /* ViewController.swift in Sources */ = {isa = PBXBuildFile; fileRef = BF6AA9592BD34F9100661067 /* ViewController.swift */; };
		BF6AA95D2BD34F9100661067 /* Main.storyboard in Resources */ = {isa = PBXBuildFile; fileRef = BF6AA95B2BD34F9100661067 /* Main.storyboard */; };
		BF6AA95F2BD34F9500661067 /* Assets.xcassets in Resources */ = {isa = PBXBuildFile; fileRef = BF6AA95E2BD34F9500661067 /* Assets.xcassets */; };
		BF6AA9622BD34F9500661067 /* LaunchScreen.storyboard in Resources */ = {isa = PBXBuildFile; fileRef = BF6AA9602BD34F9500661067 /* LaunchScreen.storyboard */; };
		BF6AA96B2BD3503000661067 /* Note.swift in Sources */ = {isa = PBXBuildFile; fileRef = BF6AA96A2BD3503000661067 /* Note.swift */; };
		BF6AA96D2BD3512F00661067 /* NotesManager.swift in Sources */ = {isa = PBXBuildFile; fileRef = BF6AA96C2BD3512F00661067 /* NotesManager.swift */; };
		BF6AA9702BD354BA00661067 /* NotesViewController.swift in Sources */ = {isa = PBXBuildFile; fileRef = BF6AA96F2BD354BA00661067 /* NotesViewController.swift */; };
/* End PBXBuildFile section */

/* Begin PBXFileReference section */
		BF1A7BD52BD422F900F35741 /* NoteCell.swift */ = {isa = PBXFileReference; lastKnownFileType = sourcecode.swift; path = NoteCell.swift; sourceTree = "<group>"; };
		BF1A7BD82BD4333800F35741 /* DateFormatterExtension.swift */ = {isa = PBXFileReference; lastKnownFileType = sourcecode.swift; path = DateFormatterExtension.swift; sourceTree = "<group>"; };
		BF1A7BDA2BD4353900F35741 /* DateExtension.swift */ = {isa = PBXFileReference; lastKnownFileType = sourcecode.swift; path = DateExtension.swift; sourceTree = "<group>"; };
		BF1A7BDC2BD4379100F35741 /* ViewExtension.swift */ = {isa = PBXFileReference; lastKnownFileType = sourcecode.swift; path = ViewExtension.swift; sourceTree = "<group>"; };
		BF1A7BDE2BD438CF00F35741 /* CGColorExtension.swift */ = {isa = PBXFileReference; lastKnownFileType = sourcecode.swift; path = CGColorExtension.swift; sourceTree = "<group>"; };
		BF363E252BD41330007A4658 /* AddNoteViewController.swift */ = {isa = PBXFileReference; lastKnownFileType = sourcecode.swift; path = AddNoteViewController.swift; sourceTree = "<group>"; };
		BF6AA9522BD34F9100661067 /* Notas.app */ = {isa = PBXFileReference; explicitFileType = wrapper.application; includeInIndex = 0; path = Notas.app; sourceTree = BUILT_PRODUCTS_DIR; };
		BF6AA9552BD34F9100661067 /* AppDelegate.swift */ = {isa = PBXFileReference; lastKnownFileType = sourcecode.swift; path = AppDelegate.swift; sourceTree = "<group>"; };
		BF6AA9572BD34F9100661067 /* SceneDelegate.swift */ = {isa = PBXFileReference; lastKnownFileType = sourcecode.swift; path = SceneDelegate.swift; sourceTree = "<group>"; };
		BF6AA9592BD34F9100661067 /* ViewController.swift */ = {isa = PBXFileReference; lastKnownFileType = sourcecode.swift; path = ViewController.swift; sourceTree = "<group>"; };
		BF6AA95C2BD34F9100661067 /* Base */ = {isa = PBXFileReference; lastKnownFileType = file.storyboard; name = Base; path = Base.lproj/Main.storyboard; sourceTree = "<group>"; };
		BF6AA95E2BD34F9500661067 /* Assets.xcassets */ = {isa = PBXFileReference; lastKnownFileType = folder.assetcatalog; path = Assets.xcassets; sourceTree = "<group>"; };
		BF6AA9612BD34F9500661067 /* Base */ = {isa = PBXFileReference; lastKnownFileType = file.storyboard; name = Base; path = Base.lproj/LaunchScreen.storyboard; sourceTree = "<group>"; };
		BF6AA9632BD34F9500661067 /* Info.plist */ = {isa = PBXFileReference; lastKnownFileType = text.plist.xml; path = Info.plist; sourceTree = "<group>"; };
		BF6AA96A2BD3503000661067 /* Note.swift */ = {isa = PBXFileReference; lastKnownFileType = sourcecode.swift; path = Note.swift; sourceTree = "<group>"; };
		BF6AA96C2BD3512F00661067 /* NotesManager.swift */ = {isa = PBXFileReference; lastKnownFileType = sourcecode.swift; path = NotesManager.swift; sourceTree = "<group>"; };
		BF6AA96F2BD354BA00661067 /* NotesViewController.swift */ = {isa = PBXFileReference; lastKnownFileType = sourcecode.swift; path = NotesViewController.swift; sourceTree = "<group>"; };
/* End PBXFileReference section */

/* Begin PBXFrameworksBuildPhase section */
		BF6AA94F2BD34F9100661067 /* Frameworks */ = {
			isa = PBXFrameworksBuildPhase;
			buildActionMask = 2147483647;
			files = (
			);
			runOnlyForDeploymentPostprocessing = 0;
		};
/* End PBXFrameworksBuildPhase section */

/* Begin PBXGroup section */
		BF1A7BD42BD422B200F35741 /* View */ = {
			isa = PBXGroup;
			children = (
				BF1A7BD52BD422F900F35741 /* NoteCell.swift */,
			);
			path = View;
			sourceTree = "<group>";
		};
		BF1A7BD72BD429CA00F35741 /* Extension */ = {
			isa = PBXGroup;
			children = (
				BF1A7BD82BD4333800F35741 /* DateFormatterExtension.swift */,
				BF1A7BDA2BD4353900F35741 /* DateExtension.swift */,
				BF1A7BDC2BD4379100F35741 /* ViewExtension.swift */,
				BF1A7BDE2BD438CF00F35741 /* CGColorExtension.swift */,
			);
			path = Extension;
			sourceTree = "<group>";
		};
		BF6AA9492BD34F9100661067 = {
			isa = PBXGroup;
			children = (
				BF6AA9542BD34F9100661067 /* Notas */,
				BF6AA9532BD34F9100661067 /* Products */,
			);
			sourceTree = "<group>";
		};
		BF6AA9532BD34F9100661067 /* Products */ = {
			isa = PBXGroup;
			children = (
				BF6AA9522BD34F9100661067 /* Notas.app */,
			);
			name = Products;
			sourceTree = "<group>";
		};
		BF6AA9542BD34F9100661067 /* Notas */ = {
			isa = PBXGroup;
			children = (
				BF1A7BD72BD429CA00F35741 /* Extension */,
				BF1A7BD42BD422B200F35741 /* View */,
				BF6AA96E2BD3548100661067 /* Controller */,
				BF6AA9692BD34FEB00661067 /* Model */,
				BF6AA9552BD34F9100661067 /* AppDelegate.swift */,
				BF6AA9572BD34F9100661067 /* SceneDelegate.swift */,
				BF6AA9592BD34F9100661067 /* ViewController.swift */,
				BF6AA95B2BD34F9100661067 /* Main.storyboard */,
				BF6AA95E2BD34F9500661067 /* Assets.xcassets */,
				BF6AA9602BD34F9500661067 /* LaunchScreen.storyboard */,
				BF6AA9632BD34F9500661067 /* Info.plist */,
			);
			path = Notas;
			sourceTree = "<group>";
		};
		BF6AA9692BD34FEB00661067 /* Model */ = {
			isa = PBXGroup;
			children = (
				BF6AA96A2BD3503000661067 /* Note.swift */,
				BF6AA96C2BD3512F00661067 /* NotesManager.swift */,
			);
			path = Model;
			sourceTree = "<group>";
		};
		BF6AA96E2BD3548100661067 /* Controller */ = {
			isa = PBXGroup;
			children = (
				BF6AA96F2BD354BA00661067 /* NotesViewController.swift */,
				BF363E252BD41330007A4658 /* AddNoteViewController.swift */,
			);
			path = Controller;
			sourceTree = "<group>";
		};
/* End PBXGroup section */

/* Begin PBXNativeTarget section */
		BF6AA9512BD34F9100661067 /* Notas */ = {
			isa = PBXNativeTarget;
			buildConfigurationList = BF6AA9662BD34F9500661067 /* Build configuration list for PBXNativeTarget "Notas" */;
			buildPhases = (
				BF6AA94E2BD34F9100661067 /* Sources */,
				BF6AA94F2BD34F9100661067 /* Frameworks */,
				BF6AA9502BD34F9100661067 /* Resources */,
			);
			buildRules = (
			);
			dependencies = (
			);
			name = Notas;
			productName = Notas;
			productReference = BF6AA9522BD34F9100661067 /* Notas.app */;
			productType = "com.apple.product-type.application";
		};
/* End PBXNativeTarget section */

/* Begin PBXProject section */
		BF6AA94A2BD34F9100661067 /* Project object */ = {
			isa = PBXProject;
			attributes = {
				BuildIndependentTargetsInParallel = 1;
				LastSwiftUpdateCheck = 1500;
				LastUpgradeCheck = 1500;
				TargetAttributes = {
					BF6AA9512BD34F9100661067 = {
						CreatedOnToolsVersion = 15.0.1;
					};
				};
			};
			buildConfigurationList = BF6AA94D2BD34F9100661067 /* Build configuration list for PBXProject "Notas" */;
			compatibilityVersion = "Xcode 14.0";
			developmentRegion = en;
			hasScannedForEncodings = 0;
			knownRegions = (
				en,
				Base,
			);
			mainGroup = BF6AA9492BD34F9100661067;
			productRefGroup = BF6AA9532BD34F9100661067 /* Products */;
			projectDirPath = "";
			projectRoot = "";
			targets = (
				BF6AA9512BD34F9100661067 /* Notas */,
			);
		};
/* End PBXProject section */

/* Begin PBXResourcesBuildPhase section */
		BF6AA9502BD34F9100661067 /* Resources */ = {
			isa = PBXResourcesBuildPhase;
			buildActionMask = 2147483647;
			files = (
				BF6AA9622BD34F9500661067 /* LaunchScreen.storyboard in Resources */,
				BF6AA95F2BD34F9500661067 /* Assets.xcassets in Resources */,
				BF6AA95D2BD34F9100661067 /* Main.storyboard in Resources */,
			);
			runOnlyForDeploymentPostprocessing = 0;
		};
/* End PBXResourcesBuildPhase section */

/* Begin PBXSourcesBuildPhase section */
		BF6AA94E2BD34F9100661067 /* Sources */ = {
			isa = PBXSourcesBuildPhase;
			buildActionMask = 2147483647;
			files = (
				BF363E262BD41330007A4658 /* AddNoteViewController.swift in Sources */,
				BF1A7BDB2BD4353900F35741 /* DateExtension.swift in Sources */,
				BF6AA95A2BD34F9100661067 /* ViewController.swift in Sources */,
				BF1A7BD92BD4333800F35741 /* DateFormatterExtension.swift in Sources */,
				BF6AA96D2BD3512F00661067 /* NotesManager.swift in Sources */,
				BF6AA9702BD354BA00661067 /* NotesViewController.swift in Sources */,
				BF1A7BDD2BD4379100F35741 /* ViewExtension.swift in Sources */,
				BF1A7BDF2BD438CF00F35741 /* CGColorExtension.swift in Sources */,
				BF6AA96B2BD3503000661067 /* Note.swift in Sources */,
				BF6AA9562BD34F9100661067 /* AppDelegate.swift in Sources */,
				BF6AA9582BD34F9100661067 /* SceneDelegate.swift in Sources */,
				BF1A7BD62BD422F900F35741 /* NoteCell.swift in Sources */,
			);
			runOnlyForDeploymentPostprocessing = 0;
		};
/* End PBXSourcesBuildPhase section */

/* Begin PBXVariantGroup section */
		BF6AA95B2BD34F9100661067 /* Main.storyboard */ = {
			isa = PBXVariantGroup;
			children = (
				BF6AA95C2BD34F9100661067 /* Base */,
			);
			name = Main.storyboard;
			sourceTree = "<group>";
		};
		BF6AA9602BD34F9500661067 /* LaunchScreen.storyboard */ = {
			isa = PBXVariantGroup;
			children = (
				BF6AA9612BD34F9500661067 /* Base */,
			);
			name = LaunchScreen.storyboard;
			sourceTree = "<group>";
		};
/* End PBXVariantGroup section */

/* Begin XCBuildConfiguration section */
		BF6AA9642BD34F9500661067 /* Debug */ = {
			isa = XCBuildConfiguration;
			buildSettings = {
				ALWAYS_SEARCH_USER_PATHS = NO;
				ASSETCATALOG_COMPILER_GENERATE_SWIFT_ASSET_SYMBOL_EXTENSIONS = YES;
				CLANG_ANALYZER_NONNULL = YES;
				CLANG_ANALYZER_NUMBER_OBJECT_CONVERSION = YES_AGGRESSIVE;
				CLANG_CXX_LANGUAGE_STANDARD = "gnu++20";
				CLANG_ENABLE_MODULES = YES;
				CLANG_ENABLE_OBJC_ARC = YES;
				CLANG_ENABLE_OBJC_WEAK = YES;
				CLANG_WARN_BLOCK_CAPTURE_AUTORELEASING = YES;
				CLANG_WARN_BOOL_CONVERSION = YES;
				CLANG_WARN_COMMA = YES;
				CLANG_WARN_CONSTANT_CONVERSION = YES;
				CLANG_WARN_DEPRECATED_OBJC_IMPLEMENTATIONS = YES;
				CLANG_WARN_DIRECT_OBJC_ISA_USAGE = YES_ERROR;
				CLANG_WARN_DOCUMENTATION_COMMENTS = YES;
				CLANG_WARN_EMPTY_BODY = YES;
				CLANG_WARN_ENUM_CONVERSION = YES;
				CLANG_WARN_INFINITE_RECURSION = YES;
				CLANG_WARN_INT_CONVERSION = YES;
				CLANG_WARN_NON_LITERAL_NULL_CONVERSION = YES;
				CLANG_WARN_OBJC_IMPLICIT_RETAIN_SELF = YES;
				CLANG_WARN_OBJC_LITERAL_CONVERSION = YES;
				CLANG_WARN_OBJC_ROOT_CLASS = YES_ERROR;
				CLANG_WARN_QUOTED_INCLUDE_IN_FRAMEWORK_HEADER = YES;
				CLANG_WARN_RANGE_LOOP_ANALYSIS = YES;
				CLANG_WARN_STRICT_PROTOTYPES = YES;
				CLANG_WARN_SUSPICIOUS_MOVE = YES;
				CLANG_WARN_UNGUARDED_AVAILABILITY = YES_AGGRESSIVE;
				CLANG_WARN_UNREACHABLE_CODE = YES;
				CLANG_WARN__DUPLICATE_METHOD_MATCH = YES;
				COPY_PHASE_STRIP = NO;
				DEBUG_INFORMATION_FORMAT = dwarf;
				ENABLE_STRICT_OBJC_MSGSEND = YES;
				ENABLE_TESTABILITY = YES;
				ENABLE_USER_SCRIPT_SANDBOXING = YES;
				GCC_C_LANGUAGE_STANDARD = gnu17;
				GCC_DYNAMIC_NO_PIC = NO;
				GCC_NO_COMMON_BLOCKS = YES;
				GCC_OPTIMIZATION_LEVEL = 0;
				GCC_PREPROCESSOR_DEFINITIONS = (
					"DEBUG=1",
					"$(inherited)",
				);
				GCC_WARN_64_TO_32_BIT_CONVERSION = YES;
				GCC_WARN_ABOUT_RETURN_TYPE = YES_ERROR;
				GCC_WARN_UNDECLARED_SELECTOR = YES;
				GCC_WARN_UNINITIALIZED_AUTOS = YES_AGGRESSIVE;
				GCC_WARN_UNUSED_FUNCTION = YES;
				GCC_WARN_UNUSED_VARIABLE = YES;
				IPHONEOS_DEPLOYMENT_TARGET = 17.0;
				LOCALIZATION_PREFERS_STRING_CATALOGS = YES;
				MTL_ENABLE_DEBUG_INFO = INCLUDE_SOURCE;
				MTL_FAST_MATH = YES;
				ONLY_ACTIVE_ARCH = YES;
				SDKROOT = iphoneos;
				SWIFT_ACTIVE_COMPILATION_CONDITIONS = "DEBUG $(inherited)";
				SWIFT_OPTIMIZATION_LEVEL = "-Onone";
			};
			name = Debug;
		};
		BF6AA9652BD34F9500661067 /* Release */ = {
			isa = XCBuildConfiguration;
			buildSettings = {
				ALWAYS_SEARCH_USER_PATHS = NO;
				ASSETCATALOG_COMPILER_GENERATE_SWIFT_ASSET_SYMBOL_EXTENSIONS = YES;
				CLANG_ANALYZER_NONNULL = YES;
				CLANG_ANALYZER_NUMBER_OBJECT_CONVERSION = YES_AGGRESSIVE;
				CLANG_CXX_LANGUAGE_STANDARD = "gnu++20";
				CLANG_ENABLE_MODULES = YES;
				CLANG_ENABLE_OBJC_ARC = YES;
				CLANG_ENABLE_OBJC_WEAK = YES;
				CLANG_WARN_BLOCK_CAPTURE_AUTORELEASING = YES;
				CLANG_WARN_BOOL_CONVERSION = YES;
				CLANG_WARN_COMMA = YES;
				CLANG_WARN_CONSTANT_CONVERSION = YES;
				CLANG_WARN_DEPRECATED_OBJC_IMPLEMENTATIONS = YES;
				CLANG_WARN_DIRECT_OBJC_ISA_USAGE = YES_ERROR;
				CLANG_WARN_DOCUMENTATION_COMMENTS = YES;
				CLANG_WARN_EMPTY_BODY = YES;
				CLANG_WARN_ENUM_CONVERSION = YES;
				CLANG_WARN_INFINITE_RECURSION = YES;
				CLANG_WARN_INT_CONVERSION = YES;
				CLANG_WARN_NON_LITERAL_NULL_CONVERSION = YES;
				CLANG_WARN_OBJC_IMPLICIT_RETAIN_SELF = YES;
				CLANG_WARN_OBJC_LITERAL_CONVERSION = YES;
				CLANG_WARN_OBJC_ROOT_CLASS = YES_ERROR;
				CLANG_WARN_QUOTED_INCLUDE_IN_FRAMEWORK_HEADER = YES;
				CLANG_WARN_RANGE_LOOP_ANALYSIS = YES;
				CLANG_WARN_STRICT_PROTOTYPES = YES;
				CLANG_WARN_SUSPICIOUS_MOVE = YES;
				CLANG_WARN_UNGUARDED_AVAILABILITY = YES_AGGRESSIVE;
				CLANG_WARN_UNREACHABLE_CODE = YES;
				CLANG_WARN__DUPLICATE_METHOD_MATCH = YES;
				COPY_PHASE_STRIP = NO;
				DEBUG_INFORMATION_FORMAT = "dwarf-with-dsym";
				ENABLE_NS_ASSERTIONS = NO;
				ENABLE_STRICT_OBJC_MSGSEND = YES;
				ENABLE_USER_SCRIPT_SANDBOXING = YES;
				GCC_C_LANGUAGE_STANDARD = gnu17;
				GCC_NO_COMMON_BLOCKS = YES;
				GCC_WARN_64_TO_32_BIT_CONVERSION = YES;
				GCC_WARN_ABOUT_RETURN_TYPE = YES_ERROR;
				GCC_WARN_UNDECLARED_SELECTOR = YES;
				GCC_WARN_UNINITIALIZED_AUTOS = YES_AGGRESSIVE;
				GCC_WARN_UNUSED_FUNCTION = YES;
				GCC_WARN_UNUSED_VARIABLE = YES;
				IPHONEOS_DEPLOYMENT_TARGET = 17.0;
				LOCALIZATION_PREFERS_STRING_CATALOGS = YES;
				MTL_ENABLE_DEBUG_INFO = NO;
				MTL_FAST_MATH = YES;
				SDKROOT = iphoneos;
				SWIFT_COMPILATION_MODE = wholemodule;
				VALIDATE_PRODUCT = YES;
			};
			name = Release;
		};
		BF6AA9672BD34F9500661067 /* Debug */ = {
			isa = XCBuildConfiguration;
			buildSettings = {
				ASSETCATALOG_COMPILER_APPICON_NAME = AppIcon;
				ASSETCATALOG_COMPILER_GLOBAL_ACCENT_COLOR_NAME = AccentColor;
				CODE_SIGN_STYLE = Automatic;
				CURRENT_PROJECT_VERSION = 1;
				DEVELOPMENT_TEAM = NCGR2K42XZ;
				GENERATE_INFOPLIST_FILE = YES;
				INFOPLIST_FILE = Notas/Info.plist;
				INFOPLIST_KEY_UIApplicationSupportsIndirectInputEvents = YES;
				INFOPLIST_KEY_UILaunchStoryboardName = LaunchScreen;
				INFOPLIST_KEY_UIMainStoryboardFile = Main;
				INFOPLIST_KEY_UISupportedInterfaceOrientations_iPad = "UIInterfaceOrientationPortrait UIInterfaceOrientationPortraitUpsideDown UIInterfaceOrientationLandscapeLeft UIInterfaceOrientationLandscapeRight";
				INFOPLIST_KEY_UISupportedInterfaceOrientations_iPhone = "UIInterfaceOrientationPortrait UIInterfaceOrientationLandscapeLeft UIInterfaceOrientationLandscapeRight";
				IPHONEOS_DEPLOYMENT_TARGET = 16.0;
				LD_RUNPATH_SEARCH_PATHS = (
					"$(inherited)",
					"@executable_path/Frameworks",
				);
				MARKETING_VERSION = 1.0;
				PRODUCT_BUNDLE_IDENTIFIER = mx.diaz.juancarlos.Notas;
				PRODUCT_NAME = "$(TARGET_NAME)";
				SUPPORTED_PLATFORMS = "iphoneos iphonesimulator";
				SUPPORTS_MACCATALYST = NO;
				SUPPORTS_MAC_DESIGNED_FOR_IPHONE_IPAD = NO;
				SWIFT_EMIT_LOC_STRINGS = YES;
				SWIFT_VERSION = 5.0;
				TARGETED_DEVICE_FAMILY = 1;
			};
			name = Debug;
		};
		BF6AA9682BD34F9500661067 /* Release */ = {
			isa = XCBuildConfiguration;
			buildSettings = {
				ASSETCATALOG_COMPILER_APPICON_NAME = AppIcon;
				ASSETCATALOG_COMPILER_GLOBAL_ACCENT_COLOR_NAME = AccentColor;
				CODE_SIGN_STYLE = Automatic;
				CURRENT_PROJECT_VERSION = 1;
				DEVELOPMENT_TEAM = NCGR2K42XZ;
				GENERATE_INFOPLIST_FILE = YES;
				INFOPLIST_FILE = Notas/Info.plist;
				INFOPLIST_KEY_UIApplicationSupportsIndirectInputEvents = YES;
				INFOPLIST_KEY_UILaunchStoryboardName = LaunchScreen;
				INFOPLIST_KEY_UIMainStoryboardFile = Main;
				INFOPLIST_KEY_UISupportedInterfaceOrientations_iPad = "UIInterfaceOrientationPortrait UIInterfaceOrientationPortraitUpsideDown UIInterfaceOrientationLandscapeLeft UIInterfaceOrientationLandscapeRight";
				INFOPLIST_KEY_UISupportedInterfaceOrientations_iPhone = "UIInterfaceOrientationPortrait UIInterfaceOrientationLandscapeLeft UIInterfaceOrientationLandscapeRight";
				IPHONEOS_DEPLOYMENT_TARGET = 16.0;
				LD_RUNPATH_SEARCH_PATHS = (
					"$(inherited)",
					"@executable_path/Frameworks",
				);
				MARKETING_VERSION = 1.0;
				PRODUCT_BUNDLE_IDENTIFIER = mx.diaz.juancarlos.Notas;
				PRODUCT_NAME = "$(TARGET_NAME)";
				SUPPORTED_PLATFORMS = "iphoneos iphonesimulator";
				SUPPORTS_MACCATALYST = NO;
				SUPPORTS_MAC_DESIGNED_FOR_IPHONE_IPAD = NO;
				SWIFT_EMIT_LOC_STRINGS = YES;
				SWIFT_VERSION = 5.0;
				TARGETED_DEVICE_FAMILY = 1;
			};
			name = Release;
		};
/* End XCBuildConfiguration section */

/* Begin XCConfigurationList section */
		BF6AA94D2BD34F9100661067 /* Build configuration list for PBXProject "Notas" */ = {
			isa = XCConfigurationList;
			buildConfigurations = (
				BF6AA9642BD34F9500661067 /* Debug */,
				BF6AA9652BD34F9500661067 /* Release */,
			);
			defaultConfigurationIsVisible = 0;
			defaultConfigurationName = Release;
		};
		BF6AA9662BD34F9500661067 /* Build configuration list for PBXNativeTarget "Notas" */ = {
			isa = XCConfigurationList;
			buildConfigurations = (
				BF6AA9672BD34F9500661067 /* Debug */,
				BF6AA9682BD34F9500661067 /* Release */,
			);
			defaultConfigurationIsVisible = 0;
			defaultConfigurationName = Release;
		};
/* End XCConfigurationList section */
	};
	rootObject = BF6AA94A2BD34F9100661067 /* Project object */;
}
